// !$*UTF8*$!
{
	archiveVersion = 1;
	classes = {
	};
	objectVersion = 46;
	objects = {

/* Begin PBXBuildFile section */
		2B6899B81CF8396700C4BA4F /* RenderAPI_OpenGLCoreES.cpp in Sources */ = {isa = PBXBuildFile; fileRef = 2B6899B01CF8396700C4BA4F /* RenderAPI_OpenGLCoreES.cpp */; };
		2B6899B91CF8396700C4BA4F /* RenderAPI.cpp in Sources */ = {isa = PBXBuildFile; fileRef = 2B6899B11CF8396700C4BA4F /* RenderAPI.cpp */; };
		2B6899BA1CF8396700C4BA4F /* RenderingPlugin.cpp in Sources */ = {isa = PBXBuildFile; fileRef = 2B6899B31CF8396700C4BA4F /* RenderingPlugin.cpp */; };
		2B6899C91CF83DB000C4BA4F /* RenderingPlugin.bundle in Copy Bundle into Unity project */ = {isa = PBXBuildFile; fileRef = 8D576316048677EA00EA77CD /* RenderingPlugin.bundle */; };
		2B6899CB1CF8409A00C4BA4F /* RenderAPI_Metal.mm in Sources */ = {isa = PBXBuildFile; fileRef = 2B6899CA1CF8409A00C4BA4F /* RenderAPI_Metal.mm */; };
		2BC2A8D5144C433D00D5EF79 /* OpenGL.framework in Frameworks */ = {isa = PBXBuildFile; fileRef = 2BC2A8D4144C433D00D5EF79 /* OpenGL.framework */; };
		8D576314048677EA00EA77CD /* CoreFoundation.framework in Frameworks */ = {isa = PBXBuildFile; fileRef = 0AA1909FFE8422F4C02AAC07 /* CoreFoundation.framework */; };
/* End PBXBuildFile section */

/* Begin PBXCopyFilesBuildPhase section */
		2B6899C81CF83D6200C4BA4F /* Copy Bundle into Unity project */ = {
			isa = PBXCopyFilesBuildPhase;
			buildActionMask = 2147483647;
			dstPath = ../../../UnityProject/Assets/Plugins;
			dstSubfolderSpec = 16;
			files = (
				2B6899C91CF83DB000C4BA4F /* RenderingPlugin.bundle in Copy Bundle into Unity project */,
			);
			name = "Copy Bundle into Unity project";
			runOnlyForDeploymentPostprocessing = 0;
		};
/* End PBXCopyFilesBuildPhase section */

/* Begin PBXFileReference section */
		0AA1909FFE8422F4C02AAC07 /* CoreFoundation.framework */ = {isa = PBXFileReference; lastKnownFileType = wrapper.framework; name = CoreFoundation.framework; path = /System/Library/Frameworks/CoreFoundation.framework; sourceTree = "<absolute>"; };
		2B6899AB1CF8396700C4BA4F /* PlatformBase.h */ = {isa = PBXFileReference; fileEncoding = 4; lastKnownFileType = sourcecode.c.h; name = PlatformBase.h; path = ../../source/PlatformBase.h; sourceTree = "<group>"; };
		2B6899AD1CF8396700C4BA4F /* RenderAPI_D3D11.cpp */ = {isa = PBXFileReference; fileEncoding = 4; lastKnownFileType = sourcecode.cpp.cpp; name = RenderAPI_D3D11.cpp; path = ../../source/RenderAPI_D3D11.cpp; sourceTree = "<group>"; };
		2B6899AE1CF8396700C4BA4F /* RenderAPI_D3D12.cpp */ = {isa = PBXFileReference; fileEncoding = 4; lastKnownFileType = sourcecode.cpp.cpp; name = RenderAPI_D3D12.cpp; path = ../../source/RenderAPI_D3D12.cpp; sourceTree = "<group>"; };
		2B6899B01CF8396700C4BA4F /* RenderAPI_OpenGLCoreES.cpp */ = {isa = PBXFileReference; fileEncoding = 4; lastKnownFileType = sourcecode.cpp.cpp; name = RenderAPI_OpenGLCoreES.cpp; path = ../../source/RenderAPI_OpenGLCoreES.cpp; sourceTree = "<group>"; };
		2B6899B11CF8396700C4BA4F /* RenderAPI.cpp */ = {isa = PBXFileReference; fileEncoding = 4; lastKnownFileType = sourcecode.cpp.cpp; name = RenderAPI.cpp; path = ../../source/RenderAPI.cpp; sourceTree = "<group>"; };
		2B6899B21CF8396700C4BA4F /* RenderAPI.h */ = {isa = PBXFileReference; fileEncoding = 4; lastKnownFileType = sourcecode.c.h; name = RenderAPI.h; path = ../../source/RenderAPI.h; sourceTree = "<group>"; };
		2B6899B31CF8396700C4BA4F /* RenderingPlugin.cpp */ = {isa = PBXFileReference; fileEncoding = 4; lastKnownFileType = sourcecode.cpp.cpp; name = RenderingPlugin.cpp; path = ../../source/RenderingPlugin.cpp; sourceTree = "<group>"; };
		2B6899C21CF839A600C4BA4F /* IUnityGraphics.h */ = {isa = PBXFileReference; fileEncoding = 4; lastKnownFileType = sourcecode.c.h; name = IUnityGraphics.h; path = ../../source/Unity/IUnityGraphics.h; sourceTree = "<group>"; };
		2B6899C31CF839A600C4BA4F /* IUnityGraphicsD3D9.h */ = {isa = PBXFileReference; fileEncoding = 4; lastKnownFileType = sourcecode.c.h; name = IUnityGraphicsD3D9.h; path = ../../source/Unity/IUnityGraphicsD3D9.h; sourceTree = "<group>"; };
		2B6899C41CF839A600C4BA4F /* IUnityGraphicsD3D11.h */ = {isa = PBXFileReference; fileEncoding = 4; lastKnownFileType = sourcecode.c.h; name = IUnityGraphicsD3D11.h; path = ../../source/Unity/IUnityGraphicsD3D11.h; sourceTree = "<group>"; };
		2B6899C51CF839A600C4BA4F /* IUnityGraphicsD3D12.h */ = {isa = PBXFileReference; fileEncoding = 4; lastKnownFileType = sourcecode.c.h; name = IUnityGraphicsD3D12.h; path = ../../source/Unity/IUnityGraphicsD3D12.h; sourceTree = "<group>"; };
		2B6899C61CF839A600C4BA4F /* IUnityGraphicsMetal.h */ = {isa = PBXFileReference; fileEncoding = 4; lastKnownFileType = sourcecode.c.h; name = IUnityGraphicsMetal.h; path = ../../source/Unity/IUnityGraphicsMetal.h; sourceTree = "<group>"; };
		2B6899C71CF839A600C4BA4F /* IUnityInterface.h */ = {isa = PBXFileReference; fileEncoding = 4; lastKnownFileType = sourcecode.c.h; name = IUnityInterface.h; path = ../../source/Unity/IUnityInterface.h; sourceTree = "<group>"; };
		2B6899CA1CF8409A00C4BA4F /* RenderAPI_Metal.mm */ = {isa = PBXFileReference; fileEncoding = 4; lastKnownFileType = sourcecode.cpp.objcpp; name = RenderAPI_Metal.mm; path = ../../source/RenderAPI_Metal.mm; sourceTree = "<group>"; };
		2BC2A8D4144C433D00D5EF79 /* OpenGL.framework */ = {isa = PBXFileReference; lastKnownFileType = wrapper.framework; name = OpenGL.framework; path = System/Library/Frameworks/OpenGL.framework; sourceTree = SDKROOT; };
		8D576316048677EA00EA77CD /* RenderingPlugin.bundle */ = {isa = PBXFileReference; explicitFileType = wrapper.cfbundle; includeInIndex = 0; path = RenderingPlugin.bundle; sourceTree = BUILT_PRODUCTS_DIR; };
		8D576317048677EA00EA77CD /* Info.plist */ = {isa = PBXFileReference; fileEncoding = 4; lastKnownFileType = text.plist.xml; path = Info.plist; sourceTree = "<group>"; };
/* End PBXFileReference section */

/* Begin PBXFrameworksBuildPhase section */
		8D576313048677EA00EA77CD /* Frameworks */ = {
			isa = PBXFrameworksBuildPhase;
			buildActionMask = 2147483647;
			files = (
				8D576314048677EA00EA77CD /* CoreFoundation.framework in Frameworks */,
				2BC2A8D5144C433D00D5EF79 /* OpenGL.framework in Frameworks */,
			);
			runOnlyForDeploymentPostprocessing = 0;
		};
/* End PBXFrameworksBuildPhase section */

/* Begin PBXGroup section */
		089C166AFE841209C02AAC07 /* RenderingPlugin */ = {
			isa = PBXGroup;
			children = (
				08FB77AFFE84173DC02AAC07 /* Source */,
				089C167CFE841241C02AAC07 /* Resources */,
				089C1671FE841209C02AAC07 /* External Frameworks and Libraries */,
				19C28FB6FE9D52B211CA2CBB /* Products */,
			);
			name = RenderingPlugin;
			sourceTree = "<group>";
		};
		089C1671FE841209C02AAC07 /* External Frameworks and Libraries */ = {
			isa = PBXGroup;
			children = (
				0AA1909FFE8422F4C02AAC07 /* CoreFoundation.framework */,
				2BC2A8D4144C433D00D5EF79 /* OpenGL.framework */,
			);
			name = "External Frameworks and Libraries";
			sourceTree = "<group>";
		};
		089C167CFE841241C02AAC07 /* Resources */ = {
			isa = PBXGroup;
			children = (
				8D576317048677EA00EA77CD /* Info.plist */,
			);
			name = Resources;
			sourceTree = "<group>";
		};
		08FB77AFFE84173DC02AAC07 /* Source */ = {
			isa = PBXGroup;
			children = (
				2B6899BC1CF8398200C4BA4F /* Unity */,
				2B6899AB1CF8396700C4BA4F /* PlatformBase.h */,
				2B6899AD1CF8396700C4BA4F /* RenderAPI_D3D11.cpp */,
				2B6899AE1CF8396700C4BA4F /* RenderAPI_D3D12.cpp */,
				2B6899CA1CF8409A00C4BA4F /* RenderAPI_Metal.mm */,
				2B6899B01CF8396700C4BA4F /* RenderAPI_OpenGLCoreES.cpp */,
				2B6899B11CF8396700C4BA4F /* RenderAPI.cpp */,
				2B6899B21CF8396700C4BA4F /* RenderAPI.h */,
				2B6899B31CF8396700C4BA4F /* RenderingPlugin.cpp */,
			);
			name = Source;
			sourceTree = "<group>";
		};
		19C28FB6FE9D52B211CA2CBB /* Products */ = {
			isa = PBXGroup;
			children = (
				8D576316048677EA00EA77CD /* RenderingPlugin.bundle */,
			);
			name = Products;
			sourceTree = "<group>";
		};
		2B6899BC1CF8398200C4BA4F /* Unity */ = {
			isa = PBXGroup;
			children = (
				2B6899C21CF839A600C4BA4F /* IUnityGraphics.h */,
				2B6899C31CF839A600C4BA4F /* IUnityGraphicsD3D9.h */,
				2B6899C41CF839A600C4BA4F /* IUnityGraphicsD3D11.h */,
				2B6899C51CF839A600C4BA4F /* IUnityGraphicsD3D12.h */,
				2B6899C61CF839A600C4BA4F /* IUnityGraphicsMetal.h */,
				2B6899C71CF839A600C4BA4F /* IUnityInterface.h */,
			);
			name = Unity;
			sourceTree = "<group>";
		};
/* End PBXGroup section */

/* Begin PBXNativeTarget section */
		8D57630D048677EA00EA77CD /* RenderingPlugin */ = {
			isa = PBXNativeTarget;
			buildConfigurationList = 1DEB911A08733D790010E9CD /* Build configuration list for PBXNativeTarget "RenderingPlugin" */;
			buildPhases = (
				8D57630F048677EA00EA77CD /* Resources */,
				8D576311048677EA00EA77CD /* Sources */,
				8D576313048677EA00EA77CD /* Frameworks */,
				2B6899C81CF83D6200C4BA4F /* Copy Bundle into Unity project */,
			);
			buildRules = (
			);
			dependencies = (
			);
			name = RenderingPlugin;
			productInstallPath = "$(HOME)/Library/Bundles";
			productName = RenderingPlugin;
			productReference = 8D576316048677EA00EA77CD /* RenderingPlugin.bundle */;
			productType = "com.apple.product-type.bundle";
		};
/* End PBXNativeTarget section */

/* Begin PBXProject section */
		089C1669FE841209C02AAC07 /* Project object */ = {
			isa = PBXProject;
			attributes = {
				LastUpgradeCheck = 0730;
			};
			buildConfigurationList = 1DEB911E08733D790010E9CD /* Build configuration list for PBXProject "RenderingPlugin" */;
			compatibilityVersion = "Xcode 3.2";
			developmentRegion = English;
			hasScannedForEncodings = 1;
			knownRegions = (
				English,
				Japanese,
				French,
				German,
			);
			mainGroup = 089C166AFE841209C02AAC07 /* RenderingPlugin */;
			projectDirPath = "";
			projectRoot = "";
			targets = (
				8D57630D048677EA00EA77CD /* RenderingPlugin */,
			);
		};
/* End PBXProject section */

/* Begin PBXResourcesBuildPhase section */
		8D57630F048677EA00EA77CD /* Resources */ = {
			isa = PBXResourcesBuildPhase;
			buildActionMask = 2147483647;
			files = (
			);
			runOnlyForDeploymentPostprocessing = 0;
		};
/* End PBXResourcesBuildPhase section */

/* Begin PBXSourcesBuildPhase section */
		8D576311048677EA00EA77CD /* Sources */ = {
			isa = PBXSourcesBuildPhase;
			buildActionMask = 2147483647;
			files = (
				2B6899BA1CF8396700C4BA4F /* RenderingPlugin.cpp in Sources */,
				2B6899B81CF8396700C4BA4F /* RenderAPI_OpenGLCoreES.cpp in Sources */,
				2B6899B91CF8396700C4BA4F /* RenderAPI.cpp in Sources */,
				2B6899CB1CF8409A00C4BA4F /* RenderAPI_Metal.mm in Sources */,
			);
			runOnlyForDeploymentPostprocessing = 0;
		};
/* End PBXSourcesBuildPhase section */

/* Begin XCBuildConfiguration section */
		1DEB911B08733D790010E9CD /* Debug */ = {
			isa = XCBuildConfiguration;
			buildSettings = {
				ARCHS = "$(ARCHS_STANDARD_64_BIT)";
				CLANG_ENABLE_OBJC_ARC = YES;
				COMBINE_HIDPI_IMAGES = YES;
				DEBUG_INFORMATION_FORMAT = dwarf;
				GCC_ENABLE_FIX_AND_CONTINUE = YES;
				HEADER_SEARCH_PATHS = ../;
				INFOPLIST_FILE = Info.plist;
				INSTALL_PATH = "$(HOME)/Library/Bundles";
				PRODUCT_BUNDLE_IDENTIFIER = "com.yourcompany.${PRODUCT_NAME:rfc1034Identifier}";
				PRODUCT_NAME = RenderingPlugin;
				VALID_ARCHS = x86_64;
				WRAPPER_EXTENSION = bundle;
			};
			name = Debug;
		};
		1DEB911C08733D790010E9CD /* Release */ = {
			isa = XCBuildConfiguration;
			buildSettings = {
				ARCHS = "$(ARCHS_STANDARD_64_BIT)";
				CLANG_ENABLE_OBJC_ARC = YES;
				COMBINE_HIDPI_IMAGES = YES;
				DEBUG_INFORMATION_FORMAT = dwarf;
				HEADER_SEARCH_PATHS = ../;
				INFOPLIST_FILE = Info.plist;
				INSTALL_PATH = "$(HOME)/Library/Bundles";
				PRODUCT_BUNDLE_IDENTIFIER = "com.yourcompany.${PRODUCT_NAME:rfc1034Identifier}";
				PRODUCT_NAME = RenderingPlugin;
				VALID_ARCHS = x86_64;
				WRAPPER_EXTENSION = bundle;
			};
			name = Release;
		};
		1DEB911F08733D790010E9CD /* Debug */ = {
			isa = XCBuildConfiguration;
			buildSettings = {
				ARCHS = "$(ARCHS_STANDARD_32_64_BIT)";
				ENABLE_TESTABILITY = YES;
				GCC_OPTIMIZATION_LEVEL = 0;
				MACOSX_DEPLOYMENT_TARGET = 10.9;
				ONLY_ACTIVE_ARCH = YES;
				SDKROOT = macosx;
				SYMROOT = ../../build;
			};
			name = Debug;
		};
		1DEB912008733D790010E9CD /* Release */ = {
			isa = XCBuildConfiguration;
			buildSettings = {
				ARCHS = "$(ARCHS_STANDARD_32_64_BIT)";
				MACOSX_DEPLOYMENT_TARGET = 10.9;
				SDKROOT = macosx;
				SYMROOT = ../../build;
			};
			name = Release;
		};
/* End XCBuildConfiguration section */

/* Begin XCConfigurationList section */
		1DEB911A08733D790010E9CD /* Build configuration list for PBXNativeTarget "RenderingPlugin" */ = {
			isa = XCConfigurationList;
			buildConfigurations = (
				1DEB911B08733D790010E9CD /* Debug */,
				1DEB911C08733D790010E9CD /* Release */,
			);
			defaultConfigurationIsVisible = 0;
			defaultConfigurationName = Release;
		};
		1DEB911E08733D790010E9CD /* Build configuration list for PBXProject "RenderingPlugin" */ = {
			isa = XCConfigurationList;
			buildConfigurations = (
				1DEB911F08733D790010E9CD /* Debug */,
				1DEB912008733D790010E9CD /* Release */,
			);
			defaultConfigurationIsVisible = 0;
			defaultConfigurationName = Release;
		};
/* End XCConfigurationList section */
	};
	rootObject = 089C1669FE841209C02AAC07 /* Project object */;
}
