<?xml version="1.0" encoding="utf-8"?>
<Project ToolsVersion="4.0" xmlns="http://schemas.microsoft.com/developer/msbuild/2003">
  <ItemGroup>
    <ClInclude Include="..\..\source\PlatformBase.h" />
    <ClInclude Include="..\..\source\RenderAPI.h" />
    <ClInclude Include="..\..\source\Unity\IUnityGraphics.h">
      <Filter>Unity</Filter>
    </ClInclude>
    <ClInclude Include="..\..\source\Unity\IUnityGraphicsD3D9.h">
      <Filter>Unity</Filter>
    </ClInclude>
    <ClInclude Include="..\..\source\Unity\IUnityGraphicsD3D11.h">
      <Filter>Unity</Filter>
    </ClInclude>
    <ClInclude Include="..\..\source\Unity\IUnityGraphicsD3D12.h">
      <Filter>Unity</Filter>
    </ClInclude>
    <ClInclude Include="..\..\source\Unity\IUnityGraphicsMetal.h">
      <Filter>Unity</Filter>
    </ClInclude>
    <ClInclude Include="..\..\source\Unity\IUnityInterface.h">
      <Filter>Unity</Filter>
    </ClInclude>
    <ClInclude Include="..\..\source\gl3w\gl3w.h">
      <Filter>gl3w</Filter>
    </ClInclude>
    <ClInclude Include="..\..\source\gl3w\glcorearb.h">
      <Filter>gl3w</Filter>
    </ClInclude>
  </ItemGroup>
  <ItemGroup>
    <ClCompile Include="..\..\source\RenderAPI.cpp" />
    <ClCompile Include="..\..\source\RenderAPI_D3D11.cpp" />
    <ClCompile Include="..\..\source\RenderAPI_OpenGLCoreES.cpp" />
    <ClCompile Include="..\..\source\RenderingPlugin.cpp" />
    <ClCompile Include="..\..\source\RenderAPI_D3D12.cpp" />
    <ClCompile Include="..\..\source\RenderAPI_Vulkan.cpp" />
    <ClCompile Include="..\..\source\gl3w\gl3w.c">
      <Filter>gl3w</Filter>
    </ClCompile>
  </ItemGroup>
  <ItemGroup>
    <Filter Include="Unity">
      <UniqueIdentifier>{c01468d4-90d4-4d19-9a9b-ee2f1b5e9083}</UniqueIdentifier>
    </Filter>
    <Filter Include="gl3w">
      <UniqueIdentifier>{f00ad923-e825-43a2-b22c-b3380a3a8813}</UniqueIdentifier>
    </Filter>
  </ItemGroup>
  <ItemGroup>
    <None Include="..\..\source\RenderingPlugin.def" />
  </ItemGroup>
  <ItemGroup>
    <None Include="..\..\source\RenderAPI_Metal.mm" />
  </ItemGroup>
</Project>